<?xml version="1.0" encoding="utf-8"?>
<Project ToolsVersion="4.0" xmlns="http://schemas.microsoft.com/developer/msbuild/2003">
  <ItemGroup>
    <Filter Include="Source Files">
      <UniqueIdentifier>{4FC737F1-C7A5-4376-A066-2A32D752A2FF}</UniqueIdentifier>
      <Extensions>cpp;c;cc;cxx;def;odl;idl;hpj;bat;asm;asmx</Extensions>
    </Filter>
    <Filter Include="Header Files">
      <UniqueIdentifier>{93995380-89BD-4b04-88EB-625FBE52EBFB}</UniqueIdentifier>
      <Extensions>h;hh;hpp;hxx;hm;inl;inc;xsd</Extensions>
    </Filter>
    <Filter Include="Resource Files">
      <UniqueIdentifier>{67DA6AB6-F800-4c08-8B7A-83BB121AAD01}</UniqueIdentifier>
      <Extensions>rc;ico;cur;bmp;dlg;rc2;rct;bin;rgs;gif;jpg;jpeg;jpe;resx;tiff;tif;png;wav</Extensions>
    </Filter>
    <Filter Include="Source Files\cli">
      <UniqueIdentifier>{8A9C5D1E-3F2B-4C8A-9E7D-1B4F5A6C8D9E}</UniqueIdentifier>
    </Filter>
    <Filter Include="Header Files\cli">
      <UniqueIdentifier>{9B8D6E2F-4A3C-5D9B-8F6E-2C5G7B8D0F1A}</UniqueIdentifier>
    </Filter>
    <Filter Include="Source Files\common">
      <UniqueIdentifier>{1A2B3C4D-5E6F-7A8B-9C0D-1E2F3A4B5C6D}</UniqueIdentifier>
    </Filter>
    <Filter Include="Header Files\common">
      <UniqueIdentifier>{2B3C4D5E-6F7A-8B9C-0D1E-2F3A4B5C6D7E}</UniqueIdentifier>
    </Filter>
    <Filter Include="Source Files\core">
      <UniqueIdentifier>{3C4D5E6F-7A8B-9C0D-1E2F-3A4B5C6D7E8F}</UniqueIdentifier>
    </Filter>
    <Filter Include="Header Files\core">
      <UniqueIdentifier>{4D5E6F7A-8B9C-0D1E-2F3A-4B5C6D7E8F9A}</UniqueIdentifier>
    </Filter>
  </ItemGroup>
  <ItemGroup>
    <ClCompile Include="common\QDebug.cpp">
      <Filter>Source Files\common</Filter>
    </ClCompile>
    <ClCompile Include="common\QInjectDLL.cpp">
      <Filter>Source Files\common</Filter>
    </ClCompile>
    <ClCompile Include="common\QResource.cpp">
      <Filter>Source Files\common</Filter>
    </ClCompile>
    <ClCompile Include="core\LegacyGameRegistry.cpp">
      <Filter>Source Files\core</Filter>
    </ClCompile>
    <ClCompile Include="app\PluginLoader.cpp">
      <Filter>Source Files</Filter>
    </ClCompile>
    <ClCompile Include="app\cli\stdafx_cli.cpp">
      <Filter>Source Files\cli</Filter>
    </ClCompile>
    <ClCompile Include="app\cli\main_cli.cpp">
      <Filter>Source Files\cli</Filter>
    </ClCompile>
    <ClCompile Include="app\cli\MPQDraftCLI.cpp">
      <Filter>Source Files\cli</Filter>
    </ClCompile>
    <ClCompile Include="app\cli\CommandParser.cpp">
      <Filter>Source Files\cli</Filter>
    </ClCompile>
  </ItemGroup>
  <ItemGroup>
    <ClInclude Include="core\MPQDraftPlugin.h">
      <Filter>Header Files\core</Filter>
    </ClInclude>
    <ClInclude Include="common\QDebug.h">
      <Filter>Header Files\common</Filter>
    </ClInclude>
    <ClInclude Include="common\QResource.h">
      <Filter>Header Files\common</Filter>
    </ClInclude>
    <ClInclude Include="core\Common.h">
      <Filter>Header Files\core</Filter>
    </ClInclude>
    <ClInclude Include="app\resource_ids.h">
      <Filter>Header Files</Filter>
    </ClInclude>
    <ClInclude Include="app\PluginLoader.h">
      <Filter>Header Files</Filter>
    </ClInclude>
    <ClInclude Include="app\cli\stdafx_cli.h">
      <Filter>Header Files\cli</Filter>
    </ClInclude>
    <ClInclude Include="app\cli\MPQDraftCLI.h">
      <Filter>Header Files\cli</Filter>
    </ClInclude>
    <ClInclude Include="app\cli\CommandParser.h">
      <Filter>Header Files\cli</Filter>
    </ClInclude>
  </ItemGroup>
  <ItemGroup>
    <ResourceCompile Include="MPQDraftCLI.rc">
      <Filter>Resource Files</Filter>
    </ResourceCompile>
  </ItemGroup>
</Project>
